Microsoft Visual Studio Solution File, Format Version 12.00
# Visual Studio 15
VisualStudioVersion = 15.0.26430.13
MinimumVisualStudioVersion = 15.0.26124.0
Project("{2150E333-8FDC-42A3-9474-1A3956D46DE8}") = "src", "src", "{EB3836D8-535F-4A5A-803B-5FF008DF072F}"
EndProject
Project("{9A19103F-16F7-4668-BE54-9A1E7A4F7556}") = "Html2Markdown", "src\Html2Markdown\Html2Markdown.csproj", "{C9FD9805-7F8C-4942-92F5-FF3BB037DAD1}"
EndProject
Project("{2150E333-8FDC-42A3-9474-1A3956D46DE8}") = "test", "test", "{0E30007D-D450-4B5D-9E25-98186FF08614}"
EndProject
Project("{9A19103F-16F7-4668-BE54-9A1E7A4F7556}") = "Html2Markdown.Test", "test\Html2Markdown.Test\Html2Markdown.Test.csproj", "{AA6A2578-6242-4A61-BB39-5CE31629694D}"
EndProject
Project("{2150E333-8FDC-42A3-9474-1A3956D46DE8}") = "Solution Items", "Solution Items", "{CACEF6F3-2E2D-42F7-95D1-8D7FDBEFF56A}"
	ProjectSection(SolutionItems) = preProject
		.gitignore = .gitignore
		.gitmessage = .gitmessage
		.markdownlint.json = .markdownlint.json
		build.cake = build.cake
		CHANGELOG.md = CHANGELOG.md
		CODE_OF_CONDUCT.md = CODE_OF_CONDUCT.md
		CONTRIBUTING.md = CONTRIBUTING.md
		DOCUMENTATION.md = DOCUMENTATION.md
		doxygen.config = doxygen.config
		ISSUE_TEMPLATE.md = ISSUE_TEMPLATE.md
		PULL_REQUEST_TEMPLATE.md = PULL_REQUEST_TEMPLATE.md
		pushDocumentation.ps1 = pushDocumentation.ps1
		README.md = README.md
		semver.json = semver.json
		LICENSE.txt = LICENSE.txt
	EndProjectSection
EndProject
Global
	GlobalSection(SolutionConfigurationPlatforms) = preSolution
		Debug|Any CPU = Debug|Any CPU
		Debug|x64 = Debug|x64
		Debug|x86 = Debug|x86
		Release|Any CPU = Release|Any CPU
		Release|x64 = Release|x64
		Release|x86 = Release|x86
	EndGlobalSection
	GlobalSection(ProjectConfigurationPlatforms) = postSolution
		{C9FD9805-7F8C-4942-92F5-FF3BB037DAD1}.Debug|Any CPU.ActiveCfg = Debug|Any CPU
		{C9FD9805-7F8C-4942-92F5-FF3BB037DAD1}.Debug|Any CPU.Build.0 = Debug|Any CPU
		{C9FD9805-7F8C-4942-92F5-FF3BB037DAD1}.Debug|x64.ActiveCfg = Debug|Any CPU
		{C9FD9805-7F8C-4942-92F5-FF3BB037DAD1}.Debug|x64.Build.0 = Debug|Any CPU
		{C9FD9805-7F8C-4942-92F5-FF3BB037DAD1}.Debug|x86.ActiveCfg = Debug|Any CPU
		{C9FD9805-7F8C-4942-92F5-FF3BB037DAD1}.Debug|x86.Build.0 = Debug|Any CPU
		{C9FD9805-7F8C-4942-92F5-FF3BB037DAD1}.Release|Any CPU.ActiveCfg = Release|Any CPU
		{C9FD9805-7F8C-4942-92F5-FF3BB037DAD1}.Release|Any CPU.Build.0 = Release|Any CPU
		{C9FD9805-7F8C-4942-92F5-FF3BB037DAD1}.Release|x64.ActiveCfg = Release|Any CPU
		{C9FD9805-7F8C-4942-92F5-FF3BB037DAD1}.Release|x64.Build.0 = Release|Any CPU
		{C9FD9805-7F8C-4942-92F5-FF3BB037DAD1}.Release|x86.ActiveCfg = Release|Any CPU
		{C9FD9805-7F8C-4942-92F5-FF3BB037DAD1}.Release|x86.Build.0 = Release|Any CPU
		{AA6A2578-6242-4A61-BB39-5CE31629694D}.Debug|Any CPU.ActiveCfg = Debug|Any CPU
		{AA6A2578-6242-4A61-BB39-5CE31629694D}.Debug|Any CPU.Build.0 = Debug|Any CPU
		{AA6A2578-6242-4A61-BB39-5CE31629694D}.Debug|x64.ActiveCfg = Debug|Any CPU
		{AA6A2578-6242-4A61-BB39-5CE31629694D}.Debug|x64.Build.0 = Debug|Any CPU
		{AA6A2578-6242-4A61-BB39-5CE31629694D}.Debug|x86.ActiveCfg = Debug|Any CPU
		{AA6A2578-6242-4A61-BB39-5CE31629694D}.Debug|x86.Build.0 = Debug|Any CPU
		{AA6A2578-6242-4A61-BB39-5CE31629694D}.Release|Any CPU.ActiveCfg = Release|Any CPU
		{AA6A2578-6242-4A61-BB39-5CE31629694D}.Release|Any CPU.Build.0 = Release|Any CPU
		{AA6A2578-6242-4A61-BB39-5CE31629694D}.Release|x64.ActiveCfg = Release|Any CPU
		{AA6A2578-6242-4A61-BB39-5CE31629694D}.Release|x64.Build.0 = Release|Any CPU
		{AA6A2578-6242-4A61-BB39-5CE31629694D}.Release|x86.ActiveCfg = Release|Any CPU
		{AA6A2578-6242-4A61-BB39-5CE31629694D}.Release|x86.Build.0 = Release|Any CPU
	EndGlobalSection
	GlobalSection(SolutionProperties) = preSolution
		HideSolutionNode = FALSE
	EndGlobalSection
	GlobalSection(NestedProjects) = preSolution
		{C9FD9805-7F8C-4942-92F5-FF3BB037DAD1} = {EB3836D8-535F-4A5A-803B-5FF008DF072F}
		{AA6A2578-6242-4A61-BB39-5CE31629694D} = {0E30007D-D450-4B5D-9E25-98186FF08614}
	EndGlobalSection
EndGlobal
