{
  "version": 3,
  "targets": {
    "net10.0/linux-x64": {
      "cake.tool/6.0.0": {
        "type": "package",
        "tools": {
          "tools/net10.0/any/Autofac.dll": {},
          "tools/net10.0/any/Basic.Reference.Assemblies.Net100.dll": {},
          "tools/net10.0/any/Cake.Cli.dll": {},
          "tools/net10.0/any/Cake.Cli.pdb": {},
          "tools/net10.0/any/Cake.Cli.xml": {},
          "tools/net10.0/any/Cake.Common.dll": {},
          "tools/net10.0/any/Cake.Common.pdb": {},
          "tools/net10.0/any/Cake.Common.xml": {},
          "tools/net10.0/any/Cake.Core.dll": {},
          "tools/net10.0/any/Cake.Core.pdb": {},
          "tools/net10.0/any/Cake.Core.xml": {},
          "tools/net10.0/any/Cake.DotNetTool.Module.dll": {},
          "tools/net10.0/any/Cake.DotNetTool.Module.pdb": {},
          "tools/net10.0/any/Cake.DotNetTool.Module.xml": {},
          "tools/net10.0/any/Cake.NuGet.dll": {},
          "tools/net10.0/any/Cake.NuGet.pdb": {},
          "tools/net10.0/any/Cake.NuGet.xml": {},
          "tools/net10.0/any/Cake.deps.json": {},
          "tools/net10.0/any/Cake.dll": {},
          "tools/net10.0/any/Cake.dll.config": {},
          "tools/net10.0/any/Cake.pdb": {},
          "tools/net10.0/any/Cake.runtimeconfig.json": {},
          "tools/net10.0/any/Cake.xml": {},
          "tools/net10.0/any/DotnetToolSettings.xml": {},
          "tools/net10.0/any/Microsoft.CodeAnalysis.CSharp.Scripting.dll": {},
          "tools/net10.0/any/Microsoft.CodeAnalysis.CSharp.dll": {},
          "tools/net10.0/any/Microsoft.CodeAnalysis.Scripting.dll": {},
          "tools/net10.0/any/Microsoft.CodeAnalysis.dll": {},
          "tools/net10.0/any/Microsoft.Extensions.DependencyInjection.Abstractions.dll": {},
          "tools/net10.0/any/Microsoft.Extensions.Logging.Abstractions.dll": {},
          "tools/net10.0/any/Microsoft.IdentityModel.Abstractions.dll": {},
          "tools/net10.0/any/Microsoft.IdentityModel.JsonWebTokens.dll": {},
          "tools/net10.0/any/Microsoft.IdentityModel.Logging.dll": {},
          "tools/net10.0/any/Microsoft.IdentityModel.Tokens.dll": {},
          "tools/net10.0/any/NJsonSchema.Annotations.dll": {},
          "tools/net10.0/any/NJsonSchema.dll": {},
          "tools/net10.0/any/Namotion.Reflection.dll": {},
          "tools/net10.0/any/Newtonsoft.Json.dll": {},
          "tools/net10.0/any/NuGet.Common.dll": {},
          "tools/net10.0/any/NuGet.Configuration.dll": {},
          "tools/net10.0/any/NuGet.Frameworks.dll": {},
          "tools/net10.0/any/NuGet.Packaging.dll": {},
          "tools/net10.0/any/NuGet.Protocol.dll": {},
          "tools/net10.0/any/NuGet.Resolver.dll": {},
          "tools/net10.0/any/NuGet.Versioning.dll": {},
          "tools/net10.0/any/Spectre.Console.Cli.dll": {},
          "tools/net10.0/any/Spectre.Console.dll": {},
          "tools/net10.0/any/System.Security.Cryptography.Pkcs.dll": {},
          "tools/net10.0/any/System.Security.Cryptography.ProtectedData.dll": {},
          "tools/net10.0/any/cs/Microsoft.CodeAnalysis.CSharp.Scripting.resources.dll": {},
          "tools/net10.0/any/cs/Microsoft.CodeAnalysis.CSharp.resources.dll": {},
          "tools/net10.0/any/cs/Microsoft.CodeAnalysis.Scripting.resources.dll": {},
          "tools/net10.0/any/cs/Microsoft.CodeAnalysis.resources.dll": {},
          "tools/net10.0/any/de/Microsoft.CodeAnalysis.CSharp.Scripting.resources.dll": {},
          "tools/net10.0/any/de/Microsoft.CodeAnalysis.CSharp.resources.dll": {},
          "tools/net10.0/any/de/Microsoft.CodeAnalysis.Scripting.resources.dll": {},
          "tools/net10.0/any/de/Microsoft.CodeAnalysis.resources.dll": {},
          "tools/net10.0/any/de/Spectre.Console.Cli.resources.dll": {},
          "tools/net10.0/any/es/Microsoft.CodeAnalysis.CSharp.Scripting.resources.dll": {},
          "tools/net10.0/any/es/Microsoft.CodeAnalysis.CSharp.resources.dll": {},
          "tools/net10.0/any/es/Microsoft.CodeAnalysis.Scripting.resources.dll": {},
          "tools/net10.0/any/es/Microsoft.CodeAnalysis.resources.dll": {},
          "tools/net10.0/any/es/Spectre.Console.Cli.resources.dll": {},
          "tools/net10.0/any/fr/Microsoft.CodeAnalysis.CSharp.Scripting.resources.dll": {},
          "tools/net10.0/any/fr/Microsoft.CodeAnalysis.CSharp.resources.dll": {},
          "tools/net10.0/any/fr/Microsoft.CodeAnalysis.Scripting.resources.dll": {},
          "tools/net10.0/any/fr/Microsoft.CodeAnalysis.resources.dll": {},
          "tools/net10.0/any/fr/Spectre.Console.Cli.resources.dll": {},
          "tools/net10.0/any/it/Microsoft.CodeAnalysis.CSharp.Scripting.resources.dll": {},
          "tools/net10.0/any/it/Microsoft.CodeAnalysis.CSharp.resources.dll": {},
          "tools/net10.0/any/it/Microsoft.CodeAnalysis.Scripting.resources.dll": {},
          "tools/net10.0/any/it/Microsoft.CodeAnalysis.resources.dll": {},
          "tools/net10.0/any/it/Spectre.Console.Cli.resources.dll": {},
          "tools/net10.0/any/ja/Microsoft.CodeAnalysis.CSharp.Scripting.resources.dll": {},
          "tools/net10.0/any/ja/Microsoft.CodeAnalysis.CSharp.resources.dll": {},
          "tools/net10.0/any/ja/Microsoft.CodeAnalysis.Scripting.resources.dll": {},
          "tools/net10.0/any/ja/Microsoft.CodeAnalysis.resources.dll": {},
          "tools/net10.0/any/ja/Spectre.Console.Cli.resources.dll": {},
          "tools/net10.0/any/ko/Microsoft.CodeAnalysis.CSharp.Scripting.resources.dll": {},
          "tools/net10.0/any/ko/Microsoft.CodeAnalysis.CSharp.resources.dll": {},
          "tools/net10.0/any/ko/Microsoft.CodeAnalysis.Scripting.resources.dll": {},
          "tools/net10.0/any/ko/Microsoft.CodeAnalysis.resources.dll": {},
          "tools/net10.0/any/ko/Spectre.Console.Cli.resources.dll": {},
          "tools/net10.0/any/pl/Microsoft.CodeAnalysis.CSharp.Scripting.resources.dll": {},
          "tools/net10.0/any/pl/Microsoft.CodeAnalysis.CSharp.resources.dll": {},
          "tools/net10.0/any/pl/Microsoft.CodeAnalysis.Scripting.resources.dll": {},
          "tools/net10.0/any/pl/Microsoft.CodeAnalysis.resources.dll": {},
          "tools/net10.0/any/pt-BR/Microsoft.CodeAnalysis.CSharp.Scripting.resources.dll": {},
          "tools/net10.0/any/pt-BR/Microsoft.CodeAnalysis.CSharp.resources.dll": {},
          "tools/net10.0/any/pt-BR/Microsoft.CodeAnalysis.Scripting.resources.dll": {},
          "tools/net10.0/any/pt-BR/Microsoft.CodeAnalysis.resources.dll": {},
          "tools/net10.0/any/pt/Spectre.Console.Cli.resources.dll": {},
          "tools/net10.0/any/ru/Microsoft.CodeAnalysis.CSharp.Scripting.resources.dll": {},
          "tools/net10.0/any/ru/Microsoft.CodeAnalysis.CSharp.resources.dll": {},
          "tools/net10.0/any/ru/Microsoft.CodeAnalysis.Scripting.resources.dll": {},
          "tools/net10.0/any/ru/Microsoft.CodeAnalysis.resources.dll": {},
          "tools/net10.0/any/ru/Spectre.Console.Cli.resources.dll": {},
          "tools/net10.0/any/runtimes/win/lib/net10.0/System.Security.Cryptography.Pkcs.dll": {},
          "tools/net10.0/any/runtimes/win/lib/netstandard2.0/System.Security.Cryptography.ProtectedData.dll": {},
          "tools/net10.0/any/sv/Spectre.Console.Cli.resources.dll": {},
          "tools/net10.0/any/tr/Microsoft.CodeAnalysis.CSharp.Scripting.resources.dll": {},
          "tools/net10.0/any/tr/Microsoft.CodeAnalysis.CSharp.resources.dll": {},
          "tools/net10.0/any/tr/Microsoft.CodeAnalysis.Scripting.resources.dll": {},
          "tools/net10.0/any/tr/Microsoft.CodeAnalysis.resources.dll": {},
          "tools/net10.0/any/zh-Hans/Microsoft.CodeAnalysis.CSharp.Scripting.resources.dll": {},
          "tools/net10.0/any/zh-Hans/Microsoft.CodeAnalysis.CSharp.resources.dll": {},
          "tools/net10.0/any/zh-Hans/Microsoft.CodeAnalysis.Scripting.resources.dll": {},
          "tools/net10.0/any/zh-Hans/Microsoft.CodeAnalysis.resources.dll": {},
          "tools/net10.0/any/zh-Hans/Spectre.Console.Cli.resources.dll": {},
          "tools/net10.0/any/zh-Hant/Microsoft.CodeAnalysis.CSharp.Scripting.resources.dll": {},
          "tools/net10.0/any/zh-Hant/Microsoft.CodeAnalysis.CSharp.resources.dll": {},
          "tools/net10.0/any/zh-Hant/Microsoft.CodeAnalysis.Scripting.resources.dll": {},
          "tools/net10.0/any/zh-Hant/Microsoft.CodeAnalysis.resources.dll": {}
        }
      }
    }
  },
  "libraries": {},
  "projectFileDependencyGroups": {}
}